# This file is automatically @generated by Cargo.
# It is not intended for manual editing.
version = 3

[[package]]
name = "arrayvec"
version = "0.7.4"
source = "registry+https://github.com/rust-lang/crates.io-index"
checksum = "96d30a06541fbafbc7f82ed10c06164cfbd2c401138f6addd8404629c4b16711"

[[package]]
name = "kurbo"
version = "0.11.0"
source = "git+https://github.com/linebender/kurbo#7141477ea77eb982fcfbf8241da8870d6505eb63"
dependencies = [
 "arrayvec",
 "smallvec",
]

[[package]]
name = "kurbo_bridge"
version = "0.1.0"
dependencies = [
 "kurbo",
]

[[package]]
name = "smallvec"
version = "1.13.1"
source = "registry+https://github.com/rust-lang/crates.io-index"
checksum = "e6ecd384b10a64542d77071bd64bd7b231f4ed5940fba55e98c3de13824cf3d7"
